
Microsoft Visual Studio Solution File, Format Version 12.00
# Visual Studio 2012
Project("{FAE04EC0-301F-11D3-BF4B-00C04F79EFBC}") = "SCF", "SCF\SCF.csproj", "{790E721B-1EFA-4C5C-8301-4DA574C28EEF}"
EndProject
Project("{FAE04EC0-301F-11D3-BF4B-00C04F79EFBC}") = "BibliotecaSCF", "BibliotecaSCF\BibliotecaSCF.csproj", "{11B15D78-A258-4C7B-A43B-7065677A1ADC}"
EndProject
Global
	GlobalSection(SolutionConfigurationPlatforms) = preSolution
		Debug|Any CPU = Debug|Any CPU
		Release|Any CPU = Release|Any CPU
	EndGlobalSection
	GlobalSection(ProjectConfigurationPlatforms) = postSolution
		{790E721B-1EFA-4C5C-8301-4DA574C28EEF}.Debug|Any CPU.ActiveCfg = Debug|Any CPU
		{790E721B-1EFA-4C5C-8301-4DA574C28EEF}.Debug|Any CPU.Build.0 = Debug|Any CPU
		{790E721B-1EFA-4C5C-8301-4DA574C28EEF}.Release|Any CPU.ActiveCfg = Release|Any CPU
		{790E721B-1EFA-4C5C-8301-4DA574C28EEF}.Release|Any CPU.Build.0 = Release|Any CPU
		{11B15D78-A258-4C7B-A43B-7065677A1ADC}.Debug|Any CPU.ActiveCfg = Debug|Any CPU
		{11B15D78-A258-4C7B-A43B-7065677A1ADC}.Debug|Any CPU.Build.0 = Debug|Any CPU
		{11B15D78-A258-4C7B-A43B-7065677A1ADC}.Release|Any CPU.ActiveCfg = Release|Any CPU
		{11B15D78-A258-4C7B-A43B-7065677A1ADC}.Release|Any CPU.Build.0 = Release|Any CPU
	EndGlobalSection
	GlobalSection(SolutionProperties) = preSolution
		HideSolutionNode = FALSE
	EndGlobalSection
EndGlobal
